{
  "originHash" : "b4a3cd8d0d68542746cc197ff3ff7c93d5412910120bf8d36e17eb49fa81a4fb",
  "pins" : [
    {
      "identity" : "alamofire",
      "kind" : "remoteSourceControl",
      "location" : "https://github.com/Alamofire/Alamofire.git",
      "state" : {
        "revision" : "b2fa556e4e48cbf06cf8c63def138c98f4b811fa",
        "version" : "5.8.0"
      }
    },
    {
      "identity" : "iassistkit",
      "kind" : "remoteSourceControl",
      "location" : "git@github.com:skyowook/IAssistKit.git",
      "state" : {
        "branch" : "main",
        "revision" : "f4262bb9d9ec72fc909f8aab2da2e2a30b5ca730"
      }
    },
    {
      "identity" : "kingfisher",
      "kind" : "remoteSourceControl",
      "location" : "https://github.com/onevcat/Kingfisher.git",
      "state" : {
        "revision" : "b6f62758f21a8c03cd64f4009c037cfa580a256e",
        "version" : "7.9.1"
      }
    }
  ],
  "version" : 3
}
