// !$*UTF8*$!
{
	archiveVersion = 1;
	classes = {
	};
	objectVersion = 56;
	objects = {

/* Begin PBXBuildFile section */
		0B6DCB8F2A95EDAD00083D00 /* Alamofire in Frameworks */ = {isa = PBXBuildFile; productRef = 0B6DCB8E2A95EDAD00083D00 /* Alamofire */; };
		0B6DCB912A95F69B00083D00 /* TossWebView.swift in Sources */ = {isa = PBXBuildFile; fileRef = 0B6DCB902A95F69B00083D00 /* TossWebView.swift */; };
		0B825B312A94AE1D00552C82 /* TossSampleIosApp.swift in Sources */ = {isa = PBXBuildFile; fileRef = 0B825B302A94AE1D00552C82 /* TossSampleIosApp.swift */; };
		0B825B332A94AE1D00552C82 /* ContentView.swift in Sources */ = {isa = PBXBuildFile; fileRef = 0B825B322A94AE1D00552C82 /* ContentView.swift */; };
		0B825B352A94AE1F00552C82 /* Assets.xcassets in Resources */ = {isa = PBXBuildFile; fileRef = 0B825B342A94AE1F00552C82 /* Assets.xcassets */; };
		0B825B392A94AE1F00552C82 /* Preview Assets.xcassets in Resources */ = {isa = PBXBuildFile; fileRef = 0B825B382A94AE1F00552C82 /* Preview Assets.xcassets */; };
		0B9B30CA2A96DE4000921268 /* AppConstants.swift in Sources */ = {isa = PBXBuildFile; fileRef = 0B9B30C92A96DE4000921268 /* AppConstants.swift */; };
		0B9B30CC2A96DECB00921268 /* TossRes.swift in Sources */ = {isa = PBXBuildFile; fileRef = 0B9B30CB2A96DECB00921268 /* TossRes.swift */; };
		0B9B30CE2A96E3C400921268 /* TossReq.swift in Sources */ = {isa = PBXBuildFile; fileRef = 0B9B30CD2A96E3C400921268 /* TossReq.swift */; };
		0B9B30D02A96E71200921268 /* TossWebViewWrapper.swift in Sources */ = {isa = PBXBuildFile; fileRef = 0B9B30CF2A96E71200921268 /* TossWebViewWrapper.swift */; };
		0BA5802B2AA5C9D50072BF10 /* TossUtils.swift in Sources */ = {isa = PBXBuildFile; fileRef = 0BA5802A2AA5C9D50072BF10 /* TossUtils.swift */; };
		0BA5802D2AA6A7F40072BF10 /* HMAC.swift in Sources */ = {isa = PBXBuildFile; fileRef = 0BA5802C2AA6A7F40072BF10 /* HMAC.swift */; };
		0BA580302AA6A9940072BF10 /* CryptoSwift in Frameworks */ = {isa = PBXBuildFile; productRef = 0BA5802F2AA6A9940072BF10 /* CryptoSwift */; };
		0BA580322AA6ABD00072BF10 /* TossCertSession.swift in Sources */ = {isa = PBXBuildFile; fileRef = 0BA580312AA6ABD00072BF10 /* TossCertSession.swift */; };
		0BA580342AA6AF070072BF10 /* AESCipher.swift in Sources */ = {isa = PBXBuildFile; fileRef = 0BA580332AA6AF070072BF10 /* AESCipher.swift */; };
		0BA580362AA6DECF0072BF10 /* SecureKeyGenerator.swift in Sources */ = {isa = PBXBuildFile; fileRef = 0BA580352AA6DECF0072BF10 /* SecureKeyGenerator.swift */; };
		0BA580382AA6E3810072BF10 /* TossCertSessionGenerator.swift in Sources */ = {isa = PBXBuildFile; fileRef = 0BA580372AA6E3810072BF10 /* TossCertSessionGenerator.swift */; };
/* End PBXBuildFile section */

/* Begin PBXFileReference section */
		0B6DCB902A95F69B00083D00 /* TossWebView.swift */ = {isa = PBXFileReference; lastKnownFileType = sourcecode.swift; path = TossWebView.swift; sourceTree = "<group>"; };
		0B825B2D2A94AE1D00552C82 /* TossSampleIos.app */ = {isa = PBXFileReference; explicitFileType = wrapper.application; includeInIndex = 0; path = TossSampleIos.app; sourceTree = BUILT_PRODUCTS_DIR; };
		0B825B302A94AE1D00552C82 /* TossSampleIosApp.swift */ = {isa = PBXFileReference; lastKnownFileType = sourcecode.swift; path = TossSampleIosApp.swift; sourceTree = "<group>"; };
		0B825B322A94AE1D00552C82 /* ContentView.swift */ = {isa = PBXFileReference; lastKnownFileType = sourcecode.swift; path = ContentView.swift; sourceTree = "<group>"; };
		0B825B342A94AE1F00552C82 /* Assets.xcassets */ = {isa = PBXFileReference; lastKnownFileType = folder.assetcatalog; path = Assets.xcassets; sourceTree = "<group>"; };
		0B825B362A94AE1F00552C82 /* TossSampleIos.entitlements */ = {isa = PBXFileReference; lastKnownFileType = text.plist.entitlements; path = TossSampleIos.entitlements; sourceTree = "<group>"; };
		0B825B382A94AE1F00552C82 /* Preview Assets.xcassets */ = {isa = PBXFileReference; lastKnownFileType = folder.assetcatalog; path = "Preview Assets.xcassets"; sourceTree = "<group>"; };
		0B9B30C92A96DE4000921268 /* AppConstants.swift */ = {isa = PBXFileReference; lastKnownFileType = sourcecode.swift; path = AppConstants.swift; sourceTree = "<group>"; };
		0B9B30CB2A96DECB00921268 /* TossRes.swift */ = {isa = PBXFileReference; lastKnownFileType = sourcecode.swift; path = TossRes.swift; sourceTree = "<group>"; };
		0B9B30CD2A96E3C400921268 /* TossReq.swift */ = {isa = PBXFileReference; lastKnownFileType = sourcecode.swift; path = TossReq.swift; sourceTree = "<group>"; };
		0B9B30CF2A96E71200921268 /* TossWebViewWrapper.swift */ = {isa = PBXFileReference; lastKnownFileType = sourcecode.swift; path = TossWebViewWrapper.swift; sourceTree = "<group>"; };
		0BA5802A2AA5C9D50072BF10 /* TossUtils.swift */ = {isa = PBXFileReference; lastKnownFileType = sourcecode.swift; path = TossUtils.swift; sourceTree = "<group>"; };
		0BA5802C2AA6A7F40072BF10 /* HMAC.swift */ = {isa = PBXFileReference; lastKnownFileType = sourcecode.swift; path = HMAC.swift; sourceTree = "<group>"; };
		0BA580312AA6ABD00072BF10 /* TossCertSession.swift */ = {isa = PBXFileReference; lastKnownFileType = sourcecode.swift; path = TossCertSession.swift; sourceTree = "<group>"; };
		0BA580332AA6AF070072BF10 /* AESCipher.swift */ = {isa = PBXFileReference; lastKnownFileType = sourcecode.swift; path = AESCipher.swift; sourceTree = "<group>"; };
		0BA580352AA6DECF0072BF10 /* SecureKeyGenerator.swift */ = {isa = PBXFileReference; lastKnownFileType = sourcecode.swift; path = SecureKeyGenerator.swift; sourceTree = "<group>"; };
		0BA580372AA6E3810072BF10 /* TossCertSessionGenerator.swift */ = {isa = PBXFileReference; lastKnownFileType = sourcecode.swift; path = TossCertSessionGenerator.swift; sourceTree = "<group>"; };
/* End PBXFileReference section */

/* Begin PBXFrameworksBuildPhase section */
		0B825B2A2A94AE1D00552C82 /* Frameworks */ = {
			isa = PBXFrameworksBuildPhase;
			buildActionMask = 2147483647;
			files = (
				0B6DCB8F2A95EDAD00083D00 /* Alamofire in Frameworks */,
				0BA580302AA6A9940072BF10 /* CryptoSwift in Frameworks */,
			);
			runOnlyForDeploymentPostprocessing = 0;
		};
/* End PBXFrameworksBuildPhase section */

/* Begin PBXGroup section */
		0B825B242A94AE1D00552C82 = {
			isa = PBXGroup;
			children = (
				0B825B2F2A94AE1D00552C82 /* TossSampleIos */,
				0B825B2E2A94AE1D00552C82 /* Products */,
			);
			sourceTree = "<group>";
		};
		0B825B2E2A94AE1D00552C82 /* Products */ = {
			isa = PBXGroup;
			children = (
				0B825B2D2A94AE1D00552C82 /* TossSampleIos.app */,
			);
			name = Products;
			sourceTree = "<group>";
		};
		0B825B2F2A94AE1D00552C82 /* TossSampleIos */ = {
			isa = PBXGroup;
			children = (
				0BA580292AA5C9A80072BF10 /* TossUtils */,
				0B825B302A94AE1D00552C82 /* TossSampleIosApp.swift */,
				0B825B322A94AE1D00552C82 /* ContentView.swift */,
				0B6DCB902A95F69B00083D00 /* TossWebView.swift */,
				0B9B30CF2A96E71200921268 /* TossWebViewWrapper.swift */,
				0B9B30C92A96DE4000921268 /* AppConstants.swift */,
				0B9B30CB2A96DECB00921268 /* TossRes.swift */,
				0B9B30CD2A96E3C400921268 /* TossReq.swift */,
				0B825B342A94AE1F00552C82 /* Assets.xcassets */,
				0B825B362A94AE1F00552C82 /* TossSampleIos.entitlements */,
				0B825B372A94AE1F00552C82 /* Preview Content */,
			);
			path = TossSampleIos;
			sourceTree = "<group>";
		};
		0B825B372A94AE1F00552C82 /* Preview Content */ = {
			isa = PBXGroup;
			children = (
				0B825B382A94AE1F00552C82 /* Preview Assets.xcassets */,
			);
			path = "Preview Content";
			sourceTree = "<group>";
		};
		0BA580292AA5C9A80072BF10 /* TossUtils */ = {
			isa = PBXGroup;
			children = (
				0BA5802A2AA5C9D50072BF10 /* TossUtils.swift */,
				0BA5802C2AA6A7F40072BF10 /* HMAC.swift */,
				0BA580312AA6ABD00072BF10 /* TossCertSession.swift */,
				0BA580332AA6AF070072BF10 /* AESCipher.swift */,
				0BA580352AA6DECF0072BF10 /* SecureKeyGenerator.swift */,
				0BA580372AA6E3810072BF10 /* TossCertSessionGenerator.swift */,
			);
			path = TossUtils;
			sourceTree = "<group>";
		};
/* End PBXGroup section */

/* Begin PBXNativeTarget section */
		0B825B2C2A94AE1D00552C82 /* TossSampleIos */ = {
			isa = PBXNativeTarget;
			buildConfigurationList = 0B825B3C2A94AE1F00552C82 /* Build configuration list for PBXNativeTarget "TossSampleIos" */;
			buildPhases = (
				0B825B292A94AE1D00552C82 /* Sources */,
				0B825B2A2A94AE1D00552C82 /* Frameworks */,
				0B825B2B2A94AE1D00552C82 /* Resources */,
			);
			buildRules = (
			);
			dependencies = (
			);
			name = TossSampleIos;
			packageProductDependencies = (
				0B6DCB8E2A95EDAD00083D00 /* Alamofire */,
				0BA5802F2AA6A9940072BF10 /* CryptoSwift */,
			);
			productName = TossSampleIos;
			productReference = 0B825B2D2A94AE1D00552C82 /* TossSampleIos.app */;
			productType = "com.apple.product-type.application";
		};
/* End PBXNativeTarget section */

/* Begin PBXProject section */
		0B825B252A94AE1D00552C82 /* Project object */ = {
			isa = PBXProject;
			attributes = {
				BuildIndependentTargetsInParallel = 1;
				LastSwiftUpdateCheck = 1500;
				LastUpgradeCheck = 1500;
				TargetAttributes = {
					0B825B2C2A94AE1D00552C82 = {
						CreatedOnToolsVersion = 15.0;
					};
				};
			};
			buildConfigurationList = 0B825B282A94AE1D00552C82 /* Build configuration list for PBXProject "TossSampleIos" */;
			compatibilityVersion = "Xcode 14.0";
			developmentRegion = en;
			hasScannedForEncodings = 0;
			knownRegions = (
				en,
				Base,
			);
			mainGroup = 0B825B242A94AE1D00552C82;
			packageReferences = (
				0B6DCB8D2A95EDAD00083D00 /* XCRemoteSwiftPackageReference "Alamofire" */,
				0BA5802E2AA6A9940072BF10 /* XCRemoteSwiftPackageReference "CryptoSwift" */,
			);
			productRefGroup = 0B825B2E2A94AE1D00552C82 /* Products */;
			projectDirPath = "";
			projectRoot = "";
			targets = (
				0B825B2C2A94AE1D00552C82 /* TossSampleIos */,
			);
		};
/* End PBXProject section */

/* Begin PBXResourcesBuildPhase section */
		0B825B2B2A94AE1D00552C82 /* Resources */ = {
			isa = PBXResourcesBuildPhase;
			buildActionMask = 2147483647;
			files = (
				0B825B392A94AE1F00552C82 /* Preview Assets.xcassets in Resources */,
				0B825B352A94AE1F00552C82 /* Assets.xcassets in Resources */,
			);
			runOnlyForDeploymentPostprocessing = 0;
		};
/* End PBXResourcesBuildPhase section */

/* Begin PBXSourcesBuildPhase section */
		0B825B292A94AE1D00552C82 /* Sources */ = {
			isa = PBXSourcesBuildPhase;
			buildActionMask = 2147483647;
			files = (
				0B825B332A94AE1D00552C82 /* ContentView.swift in Sources */,
				0B9B30CE2A96E3C400921268 /* TossReq.swift in Sources */,
				0BA580382AA6E3810072BF10 /* TossCertSessionGenerator.swift in Sources */,
				0BA580362AA6DECF0072BF10 /* SecureKeyGenerator.swift in Sources */,
				0B9B30D02A96E71200921268 /* TossWebViewWrapper.swift in Sources */,
				0B6DCB912A95F69B00083D00 /* TossWebView.swift in Sources */,
				0BA580342AA6AF070072BF10 /* AESCipher.swift in Sources */,
				0BA5802B2AA5C9D50072BF10 /* TossUtils.swift in Sources */,
				0BA580322AA6ABD00072BF10 /* TossCertSession.swift in Sources */,
				0B825B312A94AE1D00552C82 /* TossSampleIosApp.swift in Sources */,
				0BA5802D2AA6A7F40072BF10 /* HMAC.swift in Sources */,
				0B9B30CC2A96DECB00921268 /* TossRes.swift in Sources */,
				0B9B30CA2A96DE4000921268 /* AppConstants.swift in Sources */,
			);
			runOnlyForDeploymentPostprocessing = 0;
		};
/* End PBXSourcesBuildPhase section */

/* Begin XCBuildConfiguration section */
		0B825B3A2A94AE1F00552C82 /* Debug */ = {
			isa = XCBuildConfiguration;
			buildSettings = {
				ALWAYS_SEARCH_USER_PATHS = NO;
				ASSETCATALOG_COMPILER_GENERATE_SWIFT_ASSET_SYMBOL_EXTENSIONS = YES;
				CLANG_ANALYZER_NONNULL = YES;
				CLANG_ANALYZER_NUMBER_OBJECT_CONVERSION = YES_AGGRESSIVE;
				CLANG_CXX_LANGUAGE_STANDARD = "gnu++20";
				CLANG_ENABLE_MODULES = YES;
				CLANG_ENABLE_OBJC_ARC = YES;
				CLANG_ENABLE_OBJC_WEAK = YES;
				CLANG_WARN_BLOCK_CAPTURE_AUTORELEASING = YES;
				CLANG_WARN_BOOL_CONVERSION = YES;
				CLANG_WARN_COMMA = YES;
				CLANG_WARN_CONSTANT_CONVERSION = YES;
				CLANG_WARN_DEPRECATED_OBJC_IMPLEMENTATIONS = YES;
				CLANG_WARN_DIRECT_OBJC_ISA_USAGE = YES_ERROR;
				CLANG_WARN_DOCUMENTATION_COMMENTS = YES;
				CLANG_WARN_EMPTY_BODY = YES;
				CLANG_WARN_ENUM_CONVERSION = YES;
				CLANG_WARN_INFINITE_RECURSION = YES;
				CLANG_WARN_INT_CONVERSION = YES;
				CLANG_WARN_NON_LITERAL_NULL_CONVERSION = YES;
				CLANG_WARN_OBJC_IMPLICIT_RETAIN_SELF = YES;
				CLANG_WARN_OBJC_LITERAL_CONVERSION = YES;
				CLANG_WARN_OBJC_ROOT_CLASS = YES_ERROR;
				CLANG_WARN_QUOTED_INCLUDE_IN_FRAMEWORK_HEADER = YES;
				CLANG_WARN_RANGE_LOOP_ANALYSIS = YES;
				CLANG_WARN_STRICT_PROTOTYPES = YES;
				CLANG_WARN_SUSPICIOUS_MOVE = YES;
				CLANG_WARN_UNGUARDED_AVAILABILITY = YES_AGGRESSIVE;
				CLANG_WARN_UNREACHABLE_CODE = YES;
				CLANG_WARN__DUPLICATE_METHOD_MATCH = YES;
				COPY_PHASE_STRIP = NO;
				DEBUG_INFORMATION_FORMAT = dwarf;
				ENABLE_STRICT_OBJC_MSGSEND = YES;
				ENABLE_TESTABILITY = YES;
				ENABLE_USER_SCRIPT_SANDBOXING = YES;
				GCC_C_LANGUAGE_STANDARD = gnu17;
				GCC_DYNAMIC_NO_PIC = NO;
				GCC_NO_COMMON_BLOCKS = YES;
				GCC_OPTIMIZATION_LEVEL = 0;
				GCC_PREPROCESSOR_DEFINITIONS = (
					"DEBUG=1",
					"$(inherited)",
				);
				GCC_WARN_64_TO_32_BIT_CONVERSION = YES;
				GCC_WARN_ABOUT_RETURN_TYPE = YES_ERROR;
				GCC_WARN_UNDECLARED_SELECTOR = YES;
				GCC_WARN_UNINITIALIZED_AUTOS = YES_AGGRESSIVE;
				GCC_WARN_UNUSED_FUNCTION = YES;
				GCC_WARN_UNUSED_VARIABLE = YES;
				LOCALIZATION_PREFERS_STRING_CATALOGS = YES;
				MTL_ENABLE_DEBUG_INFO = INCLUDE_SOURCE;
				MTL_FAST_MATH = YES;
				ONLY_ACTIVE_ARCH = YES;
				SWIFT_ACTIVE_COMPILATION_CONDITIONS = "DEBUG $(inherited)";
				SWIFT_OPTIMIZATION_LEVEL = "-Onone";
			};
			name = Debug;
		};
		0B825B3B2A94AE1F00552C82 /* Release */ = {
			isa = XCBuildConfiguration;
			buildSettings = {
				ALWAYS_SEARCH_USER_PATHS = NO;
				ASSETCATALOG_COMPILER_GENERATE_SWIFT_ASSET_SYMBOL_EXTENSIONS = YES;
				CLANG_ANALYZER_NONNULL = YES;
				CLANG_ANALYZER_NUMBER_OBJECT_CONVERSION = YES_AGGRESSIVE;
				CLANG_CXX_LANGUAGE_STANDARD = "gnu++20";
				CLANG_ENABLE_MODULES = YES;
				CLANG_ENABLE_OBJC_ARC = YES;
				CLANG_ENABLE_OBJC_WEAK = YES;
				CLANG_WARN_BLOCK_CAPTURE_AUTORELEASING = YES;
				CLANG_WARN_BOOL_CONVERSION = YES;
				CLANG_WARN_COMMA = YES;
				CLANG_WARN_CONSTANT_CONVERSION = YES;
				CLANG_WARN_DEPRECATED_OBJC_IMPLEMENTATIONS = YES;
				CLANG_WARN_DIRECT_OBJC_ISA_USAGE = YES_ERROR;
				CLANG_WARN_DOCUMENTATION_COMMENTS = YES;
				CLANG_WARN_EMPTY_BODY = YES;
				CLANG_WARN_ENUM_CONVERSION = YES;
				CLANG_WARN_INFINITE_RECURSION = YES;
				CLANG_WARN_INT_CONVERSION = YES;
				CLANG_WARN_NON_LITERAL_NULL_CONVERSION = YES;
				CLANG_WARN_OBJC_IMPLICIT_RETAIN_SELF = YES;
				CLANG_WARN_OBJC_LITERAL_CONVERSION = YES;
				CLANG_WARN_OBJC_ROOT_CLASS = YES_ERROR;
				CLANG_WARN_QUOTED_INCLUDE_IN_FRAMEWORK_HEADER = YES;
				CLANG_WARN_RANGE_LOOP_ANALYSIS = YES;
				CLANG_WARN_STRICT_PROTOTYPES = YES;
				CLANG_WARN_SUSPICIOUS_MOVE = YES;
				CLANG_WARN_UNGUARDED_AVAILABILITY = YES_AGGRESSIVE;
				CLANG_WARN_UNREACHABLE_CODE = YES;
				CLANG_WARN__DUPLICATE_METHOD_MATCH = YES;
				COPY_PHASE_STRIP = NO;
				DEBUG_INFORMATION_FORMAT = "dwarf-with-dsym";
				ENABLE_NS_ASSERTIONS = NO;
				ENABLE_STRICT_OBJC_MSGSEND = YES;
				ENABLE_USER_SCRIPT_SANDBOXING = YES;
				GCC_C_LANGUAGE_STANDARD = gnu17;
				GCC_NO_COMMON_BLOCKS = YES;
				GCC_WARN_64_TO_32_BIT_CONVERSION = YES;
				GCC_WARN_ABOUT_RETURN_TYPE = YES_ERROR;
				GCC_WARN_UNDECLARED_SELECTOR = YES;
				GCC_WARN_UNINITIALIZED_AUTOS = YES_AGGRESSIVE;
				GCC_WARN_UNUSED_FUNCTION = YES;
				GCC_WARN_UNUSED_VARIABLE = YES;
				LOCALIZATION_PREFERS_STRING_CATALOGS = YES;
				MTL_ENABLE_DEBUG_INFO = NO;
				MTL_FAST_MATH = YES;
				SWIFT_COMPILATION_MODE = wholemodule;
			};
			name = Release;
		};
		0B825B3D2A94AE1F00552C82 /* Debug */ = {
			isa = XCBuildConfiguration;
			buildSettings = {
				ASSETCATALOG_COMPILER_APPICON_NAME = AppIcon;
				ASSETCATALOG_COMPILER_GLOBAL_ACCENT_COLOR_NAME = AccentColor;
				CODE_SIGN_ENTITLEMENTS = TossSampleIos/TossSampleIos.entitlements;
				CODE_SIGN_STYLE = Automatic;
				CURRENT_PROJECT_VERSION = 1;
				DEVELOPMENT_ASSET_PATHS = "\"TossSampleIos/Preview Content\"";
				DEVELOPMENT_TEAM = TD6P8S3N25;
				ENABLE_HARDENED_RUNTIME = YES;
				ENABLE_PREVIEWS = YES;
				GENERATE_INFOPLIST_FILE = YES;
				"INFOPLIST_KEY_UIApplicationSceneManifest_Generation[sdk=iphoneos*]" = YES;
				"INFOPLIST_KEY_UIApplicationSceneManifest_Generation[sdk=iphonesimulator*]" = YES;
				"INFOPLIST_KEY_UIApplicationSupportsIndirectInputEvents[sdk=iphoneos*]" = YES;
				"INFOPLIST_KEY_UIApplicationSupportsIndirectInputEvents[sdk=iphonesimulator*]" = YES;
				"INFOPLIST_KEY_UILaunchScreen_Generation[sdk=iphoneos*]" = YES;
				"INFOPLIST_KEY_UILaunchScreen_Generation[sdk=iphonesimulator*]" = YES;
				"INFOPLIST_KEY_UIStatusBarStyle[sdk=iphoneos*]" = UIStatusBarStyleDefault;
				"INFOPLIST_KEY_UIStatusBarStyle[sdk=iphonesimulator*]" = UIStatusBarStyleDefault;
				INFOPLIST_KEY_UISupportedInterfaceOrientations_iPad = "UIInterfaceOrientationPortrait UIInterfaceOrientationPortraitUpsideDown UIInterfaceOrientationLandscapeLeft UIInterfaceOrientationLandscapeRight";
				INFOPLIST_KEY_UISupportedInterfaceOrientations_iPhone = "UIInterfaceOrientationPortrait UIInterfaceOrientationLandscapeLeft UIInterfaceOrientationLandscapeRight";
				IPHONEOS_DEPLOYMENT_TARGET = 17.0;
				LD_RUNPATH_SEARCH_PATHS = "@executable_path/Frameworks";
				"LD_RUNPATH_SEARCH_PATHS[sdk=macosx*]" = "@executable_path/../Frameworks";
				MACOSX_DEPLOYMENT_TARGET = 14.0;
				MARKETING_VERSION = 1.0;
				PRODUCT_BUNDLE_IDENTIFIER = com.skw.toss.TossSampleIos;
				PRODUCT_NAME = "$(TARGET_NAME)";
				SDKROOT = auto;
				SUPPORTED_PLATFORMS = "iphoneos iphonesimulator macosx";
				SWIFT_EMIT_LOC_STRINGS = YES;
				SWIFT_VERSION = 5.0;
				TARGETED_DEVICE_FAMILY = "1,2";
			};
			name = Debug;
		};
		0B825B3E2A94AE1F00552C82 /* Release */ = {
			isa = XCBuildConfiguration;
			buildSettings = {
				ASSETCATALOG_COMPILER_APPICON_NAME = AppIcon;
				ASSETCATALOG_COMPILER_GLOBAL_ACCENT_COLOR_NAME = AccentColor;
				CODE_SIGN_ENTITLEMENTS = TossSampleIos/TossSampleIos.entitlements;
				CODE_SIGN_STYLE = Automatic;
				CURRENT_PROJECT_VERSION = 1;
				DEVELOPMENT_ASSET_PATHS = "\"TossSampleIos/Preview Content\"";
				DEVELOPMENT_TEAM = TD6P8S3N25;
				ENABLE_HARDENED_RUNTIME = YES;
				ENABLE_PREVIEWS = YES;
				GENERATE_INFOPLIST_FILE = YES;
				"INFOPLIST_KEY_UIApplicationSceneManifest_Generation[sdk=iphoneos*]" = YES;
				"INFOPLIST_KEY_UIApplicationSceneManifest_Generation[sdk=iphonesimulator*]" = YES;
				"INFOPLIST_KEY_UIApplicationSupportsIndirectInputEvents[sdk=iphoneos*]" = YES;
				"INFOPLIST_KEY_UIApplicationSupportsIndirectInputEvents[sdk=iphonesimulator*]" = YES;
				"INFOPLIST_KEY_UILaunchScreen_Generation[sdk=iphoneos*]" = YES;
				"INFOPLIST_KEY_UILaunchScreen_Generation[sdk=iphonesimulator*]" = YES;
				"INFOPLIST_KEY_UIStatusBarStyle[sdk=iphoneos*]" = UIStatusBarStyleDefault;
				"INFOPLIST_KEY_UIStatusBarStyle[sdk=iphonesimulator*]" = UIStatusBarStyleDefault;
				INFOPLIST_KEY_UISupportedInterfaceOrientations_iPad = "UIInterfaceOrientationPortrait UIInterfaceOrientationPortraitUpsideDown UIInterfaceOrientationLandscapeLeft UIInterfaceOrientationLandscapeRight";
				INFOPLIST_KEY_UISupportedInterfaceOrientations_iPhone = "UIInterfaceOrientationPortrait UIInterfaceOrientationLandscapeLeft UIInterfaceOrientationLandscapeRight";
				IPHONEOS_DEPLOYMENT_TARGET = 17.0;
				LD_RUNPATH_SEARCH_PATHS = "@executable_path/Frameworks";
				"LD_RUNPATH_SEARCH_PATHS[sdk=macosx*]" = "@executable_path/../Frameworks";
				MACOSX_DEPLOYMENT_TARGET = 14.0;
				MARKETING_VERSION = 1.0;
				PRODUCT_BUNDLE_IDENTIFIER = com.skw.toss.TossSampleIos;
				PRODUCT_NAME = "$(TARGET_NAME)";
				SDKROOT = auto;
				SUPPORTED_PLATFORMS = "iphoneos iphonesimulator macosx";
				SWIFT_EMIT_LOC_STRINGS = YES;
				SWIFT_VERSION = 5.0;
				TARGETED_DEVICE_FAMILY = "1,2";
			};
			name = Release;
		};
/* End XCBuildConfiguration section */

/* Begin XCConfigurationList section */
		0B825B282A94AE1D00552C82 /* Build configuration list for PBXProject "TossSampleIos" */ = {
			isa = XCConfigurationList;
			buildConfigurations = (
				0B825B3A2A94AE1F00552C82 /* Debug */,
				0B825B3B2A94AE1F00552C82 /* Release */,
			);
			defaultConfigurationIsVisible = 0;
			defaultConfigurationName = Release;
		};
		0B825B3C2A94AE1F00552C82 /* Build configuration list for PBXNativeTarget "TossSampleIos" */ = {
			isa = XCConfigurationList;
			buildConfigurations = (
				0B825B3D2A94AE1F00552C82 /* Debug */,
				0B825B3E2A94AE1F00552C82 /* Release */,
			);
			defaultConfigurationIsVisible = 0;
			defaultConfigurationName = Release;
		};
/* End XCConfigurationList section */

/* Begin XCRemoteSwiftPackageReference section */
		0B6DCB8D2A95EDAD00083D00 /* XCRemoteSwiftPackageReference "Alamofire" */ = {
			isa = XCRemoteSwiftPackageReference;
			repositoryURL = "https://github.com/Alamofire/Alamofire.git";
			requirement = {
				kind = exactVersion;
				version = 5.7.1;
			};
		};
		0BA5802E2AA6A9940072BF10 /* XCRemoteSwiftPackageReference "CryptoSwift" */ = {
			isa = XCRemoteSwiftPackageReference;
			repositoryURL = "https://github.com/krzyzanowskim/CryptoSwift.git";
			requirement = {
				kind = upToNextMajorVersion;
				minimumVersion = 1.7.2;
			};
		};
/* End XCRemoteSwiftPackageReference section */

/* Begin XCSwiftPackageProductDependency section */
		0B6DCB8E2A95EDAD00083D00 /* Alamofire */ = {
			isa = XCSwiftPackageProductDependency;
			package = 0B6DCB8D2A95EDAD00083D00 /* XCRemoteSwiftPackageReference "Alamofire" */;
			productName = Alamofire;
		};
		0BA5802F2AA6A9940072BF10 /* CryptoSwift */ = {
			isa = XCSwiftPackageProductDependency;
			package = 0BA5802E2AA6A9940072BF10 /* XCRemoteSwiftPackageReference "CryptoSwift" */;
			productName = CryptoSwift;
		};
/* End XCSwiftPackageProductDependency section */
	};
	rootObject = 0B825B252A94AE1D00552C82 /* Project object */;
}
