// !$*UTF8*$!
{
	archiveVersion = 1;
	classes = {
	};
	objectVersion = 50;
	objects = {

/* Begin PBXBuildFile section */
		B5176D1B243AF38F001B47D4 /* AppDelegate.swift in Sources */ = {isa = PBXBuildFile; fileRef = B5176D1A243AF38F001B47D4 /* AppDelegate.swift */; };
		B5176D1D243AF38F001B47D4 /* SceneDelegate.swift in Sources */ = {isa = PBXBuildFile; fileRef = B5176D1C243AF38F001B47D4 /* SceneDelegate.swift */; };
		B5176D1F243AF38F001B47D4 /* ViewController.swift in Sources */ = {isa = PBXBuildFile; fileRef = B5176D1E243AF38F001B47D4 /* ViewController.swift */; };
		B5176D22243AF38F001B47D4 /* Main.storyboard in Resources */ = {isa = PBXBuildFile; fileRef = B5176D20243AF38F001B47D4 /* Main.storyboard */; };
		B5176D24243AF391001B47D4 /* Assets.xcassets in Resources */ = {isa = PBXBuildFile; fileRef = B5176D23243AF391001B47D4 /* Assets.xcassets */; };
		B5176D27243AF391001B47D4 /* LaunchScreen.storyboard in Resources */ = {isa = PBXBuildFile; fileRef = B5176D25243AF391001B47D4 /* LaunchScreen.storyboard */; };
		B5406D2C243EF86B0073AC4C /* RN_AppleLoginWebViewController.swift in Sources */ = {isa = PBXBuildFile; fileRef = B5406D2A243EF86B0073AC4C /* RN_AppleLoginWebViewController.swift */; };
		B5406D2D243EF86B0073AC4C /* RN_AppleLoginWebViewController.xib in Resources */ = {isa = PBXBuildFile; fileRef = B5406D2B243EF86B0073AC4C /* RN_AppleLoginWebViewController.xib */; };
		B5406D50243EFBAA0073AC4C /* WebKit.framework in Frameworks */ = {isa = PBXBuildFile; fileRef = B5406D4F243EFBAA0073AC4C /* WebKit.framework */; };
		B5406D5224401BC60073AC4C /* RN_AppleLoginModel.swift in Sources */ = {isa = PBXBuildFile; fileRef = B5406D5124401BC60073AC4C /* RN_AppleLoginModel.swift */; };
/* End PBXBuildFile section */

/* Begin PBXFileReference section */
		B5176D17243AF38F001B47D4 /* LoginTest.app */ = {isa = PBXFileReference; explicitFileType = wrapper.application; includeInIndex = 0; path = LoginTest.app; sourceTree = BUILT_PRODUCTS_DIR; };
		B5176D1A243AF38F001B47D4 /* AppDelegate.swift */ = {isa = PBXFileReference; lastKnownFileType = sourcecode.swift; path = AppDelegate.swift; sourceTree = "<group>"; };
		B5176D1C243AF38F001B47D4 /* SceneDelegate.swift */ = {isa = PBXFileReference; lastKnownFileType = sourcecode.swift; path = SceneDelegate.swift; sourceTree = "<group>"; };
		B5176D1E243AF38F001B47D4 /* ViewController.swift */ = {isa = PBXFileReference; lastKnownFileType = sourcecode.swift; path = ViewController.swift; sourceTree = "<group>"; };
		B5176D21243AF38F001B47D4 /* Base */ = {isa = PBXFileReference; lastKnownFileType = file.storyboard; name = Base; path = Base.lproj/Main.storyboard; sourceTree = "<group>"; };
		B5176D23243AF391001B47D4 /* Assets.xcassets */ = {isa = PBXFileReference; lastKnownFileType = folder.assetcatalog; path = Assets.xcassets; sourceTree = "<group>"; };
		B5176D26243AF391001B47D4 /* Base */ = {isa = PBXFileReference; lastKnownFileType = file.storyboard; name = Base; path = Base.lproj/LaunchScreen.storyboard; sourceTree = "<group>"; };
		B5176D28243AF391001B47D4 /* Info.plist */ = {isa = PBXFileReference; lastKnownFileType = text.plist.xml; path = Info.plist; sourceTree = "<group>"; };
		B5176D2E243C1294001B47D4 /* LoginTest.entitlements */ = {isa = PBXFileReference; lastKnownFileType = text.plist.entitlements; path = LoginTest.entitlements; sourceTree = "<group>"; };
		B5406D2A243EF86B0073AC4C /* RN_AppleLoginWebViewController.swift */ = {isa = PBXFileReference; lastKnownFileType = sourcecode.swift; path = RN_AppleLoginWebViewController.swift; sourceTree = "<group>"; };
		B5406D2B243EF86B0073AC4C /* RN_AppleLoginWebViewController.xib */ = {isa = PBXFileReference; lastKnownFileType = file.xib; path = RN_AppleLoginWebViewController.xib; sourceTree = "<group>"; };
		B5406D4F243EFBAA0073AC4C /* WebKit.framework */ = {isa = PBXFileReference; lastKnownFileType = wrapper.framework; name = WebKit.framework; path = System/Library/Frameworks/WebKit.framework; sourceTree = SDKROOT; };
		B5406D5124401BC60073AC4C /* RN_AppleLoginModel.swift */ = {isa = PBXFileReference; lastKnownFileType = sourcecode.swift; path = RN_AppleLoginModel.swift; sourceTree = "<group>"; };
/* End PBXFileReference section */

/* Begin PBXFrameworksBuildPhase section */
		B5176D14243AF38F001B47D4 /* Frameworks */ = {
			isa = PBXFrameworksBuildPhase;
			buildActionMask = 2147483647;
			files = (
				B5406D50243EFBAA0073AC4C /* WebKit.framework in Frameworks */,
			);
			runOnlyForDeploymentPostprocessing = 0;
		};
/* End PBXFrameworksBuildPhase section */

/* Begin PBXGroup section */
		B5176D0E243AF38F001B47D4 = {
			isa = PBXGroup;
			children = (
				B5176D19243AF38F001B47D4 /* LoginTest */,
				B5176D18243AF38F001B47D4 /* Products */,
				B5406D4E243EFBAA0073AC4C /* Frameworks */,
			);
			sourceTree = "<group>";
		};
		B5176D18243AF38F001B47D4 /* Products */ = {
			isa = PBXGroup;
			children = (
				B5176D17243AF38F001B47D4 /* LoginTest.app */,
			);
			name = Products;
			sourceTree = "<group>";
		};
		B5176D19243AF38F001B47D4 /* LoginTest */ = {
			isa = PBXGroup;
			children = (
				B5176D2E243C1294001B47D4 /* LoginTest.entitlements */,
				B5176D1A243AF38F001B47D4 /* AppDelegate.swift */,
				B5176D1C243AF38F001B47D4 /* SceneDelegate.swift */,
				B5176D1E243AF38F001B47D4 /* ViewController.swift */,
				B5176D20243AF38F001B47D4 /* Main.storyboard */,
				B5176D23243AF391001B47D4 /* Assets.xcassets */,
				B5176D25243AF391001B47D4 /* LaunchScreen.storyboard */,
				B5176D28243AF391001B47D4 /* Info.plist */,
				B5406D2A243EF86B0073AC4C /* RN_AppleLoginWebViewController.swift */,
				B5406D2B243EF86B0073AC4C /* RN_AppleLoginWebViewController.xib */,
				B5406D5124401BC60073AC4C /* RN_AppleLoginModel.swift */,
			);
			path = LoginTest;
			sourceTree = "<group>";
		};
		B5406D4E243EFBAA0073AC4C /* Frameworks */ = {
			isa = PBXGroup;
			children = (
				B5406D4F243EFBAA0073AC4C /* WebKit.framework */,
			);
			name = Frameworks;
			sourceTree = "<group>";
		};
/* End PBXGroup section */

/* Begin PBXNativeTarget section */
		B5176D16243AF38F001B47D4 /* LoginTest */ = {
			isa = PBXNativeTarget;
			buildConfigurationList = B5176D2B243AF391001B47D4 /* Build configuration list for PBXNativeTarget "LoginTest" */;
			buildPhases = (
				B5176D13243AF38F001B47D4 /* Sources */,
				B5176D14243AF38F001B47D4 /* Frameworks */,
				B5176D15243AF38F001B47D4 /* Resources */,
			);
			buildRules = (
			);
			dependencies = (
			);
			name = LoginTest;
			productName = LoginTest;
			productReference = B5176D17243AF38F001B47D4 /* LoginTest.app */;
			productType = "com.apple.product-type.application";
		};
/* End PBXNativeTarget section */

/* Begin PBXProject section */
		B5176D0F243AF38F001B47D4 /* Project object */ = {
			isa = PBXProject;
			attributes = {
				LastSwiftUpdateCheck = 1140;
				LastUpgradeCheck = 1140;
				ORGANIZATIONNAME = Ben;
				TargetAttributes = {
					B5176D16243AF38F001B47D4 = {
						CreatedOnToolsVersion = 11.4;
					};
				};
			};
			buildConfigurationList = B5176D12243AF38F001B47D4 /* Build configuration list for PBXProject "LoginTest" */;
			compatibilityVersion = "Xcode 9.3";
			developmentRegion = en;
			hasScannedForEncodings = 0;
			knownRegions = (
				en,
				Base,
			);
			mainGroup = B5176D0E243AF38F001B47D4;
			productRefGroup = B5176D18243AF38F001B47D4 /* Products */;
			projectDirPath = "";
			projectRoot = "";
			targets = (
				B5176D16243AF38F001B47D4 /* LoginTest */,
			);
		};
/* End PBXProject section */

/* Begin PBXResourcesBuildPhase section */
		B5176D15243AF38F001B47D4 /* Resources */ = {
			isa = PBXResourcesBuildPhase;
			buildActionMask = 2147483647;
			files = (
				B5176D27243AF391001B47D4 /* LaunchScreen.storyboard in Resources */,
				B5176D24243AF391001B47D4 /* Assets.xcassets in Resources */,
				B5406D2D243EF86B0073AC4C /* RN_AppleLoginWebViewController.xib in Resources */,
				B5176D22243AF38F001B47D4 /* Main.storyboard in Resources */,
			);
			runOnlyForDeploymentPostprocessing = 0;
		};
/* End PBXResourcesBuildPhase section */

/* Begin PBXSourcesBuildPhase section */
		B5176D13243AF38F001B47D4 /* Sources */ = {
			isa = PBXSourcesBuildPhase;
			buildActionMask = 2147483647;
			files = (
				B5406D5224401BC60073AC4C /* RN_AppleLoginModel.swift in Sources */,
				B5176D1F243AF38F001B47D4 /* ViewController.swift in Sources */,
				B5176D1B243AF38F001B47D4 /* AppDelegate.swift in Sources */,
				B5406D2C243EF86B0073AC4C /* RN_AppleLoginWebViewController.swift in Sources */,
				B5176D1D243AF38F001B47D4 /* SceneDelegate.swift in Sources */,
			);
			runOnlyForDeploymentPostprocessing = 0;
		};
/* End PBXSourcesBuildPhase section */

/* Begin PBXVariantGroup section */
		B5176D20243AF38F001B47D4 /* Main.storyboard */ = {
			isa = PBXVariantGroup;
			children = (
				B5176D21243AF38F001B47D4 /* Base */,
			);
			name = Main.storyboard;
			sourceTree = "<group>";
		};
		B5176D25243AF391001B47D4 /* LaunchScreen.storyboard */ = {
			isa = PBXVariantGroup;
			children = (
				B5176D26243AF391001B47D4 /* Base */,
			);
			name = LaunchScreen.storyboard;
			sourceTree = "<group>";
		};
/* End PBXVariantGroup section */

/* Begin XCBuildConfiguration section */
		B5176D29243AF391001B47D4 /* Debug */ = {
			isa = XCBuildConfiguration;
			buildSettings = {
				ALWAYS_SEARCH_USER_PATHS = NO;
				CLANG_ANALYZER_NONNULL = YES;
				CLANG_ANALYZER_NUMBER_OBJECT_CONVERSION = YES_AGGRESSIVE;
				CLANG_CXX_LANGUAGE_STANDARD = "gnu++14";
				CLANG_CXX_LIBRARY = "libc++";
				CLANG_ENABLE_MODULES = YES;
				CLANG_ENABLE_OBJC_ARC = YES;
				CLANG_ENABLE_OBJC_WEAK = YES;
				CLANG_WARN_BLOCK_CAPTURE_AUTORELEASING = YES;
				CLANG_WARN_BOOL_CONVERSION = YES;
				CLANG_WARN_COMMA = YES;
				CLANG_WARN_CONSTANT_CONVERSION = YES;
				CLANG_WARN_DEPRECATED_OBJC_IMPLEMENTATIONS = YES;
				CLANG_WARN_DIRECT_OBJC_ISA_USAGE = YES_ERROR;
				CLANG_WARN_DOCUMENTATION_COMMENTS = YES;
				CLANG_WARN_EMPTY_BODY = YES;
				CLANG_WARN_ENUM_CONVERSION = YES;
				CLANG_WARN_INFINITE_RECURSION = YES;
				CLANG_WARN_INT_CONVERSION = YES;
				CLANG_WARN_NON_LITERAL_NULL_CONVERSION = YES;
				CLANG_WARN_OBJC_IMPLICIT_RETAIN_SELF = YES;
				CLANG_WARN_OBJC_LITERAL_CONVERSION = YES;
				CLANG_WARN_OBJC_ROOT_CLASS = YES_ERROR;
				CLANG_WARN_RANGE_LOOP_ANALYSIS = YES;
				CLANG_WARN_STRICT_PROTOTYPES = YES;
				CLANG_WARN_SUSPICIOUS_MOVE = YES;
				CLANG_WARN_UNGUARDED_AVAILABILITY = YES_AGGRESSIVE;
				CLANG_WARN_UNREACHABLE_CODE = YES;
				CLANG_WARN__DUPLICATE_METHOD_MATCH = YES;
				COPY_PHASE_STRIP = NO;
				DEBUG_INFORMATION_FORMAT = dwarf;
				ENABLE_STRICT_OBJC_MSGSEND = YES;
				ENABLE_TESTABILITY = YES;
				GCC_C_LANGUAGE_STANDARD = gnu11;
				GCC_DYNAMIC_NO_PIC = NO;
				GCC_NO_COMMON_BLOCKS = YES;
				GCC_OPTIMIZATION_LEVEL = 0;
				GCC_PREPROCESSOR_DEFINITIONS = (
					"DEBUG=1",
					"$(inherited)",
				);
				GCC_WARN_64_TO_32_BIT_CONVERSION = YES;
				GCC_WARN_ABOUT_RETURN_TYPE = YES_ERROR;
				GCC_WARN_UNDECLARED_SELECTOR = YES;
				GCC_WARN_UNINITIALIZED_AUTOS = YES_AGGRESSIVE;
				GCC_WARN_UNUSED_FUNCTION = YES;
				GCC_WARN_UNUSED_VARIABLE = YES;
				IPHONEOS_DEPLOYMENT_TARGET = 13.4;
				MTL_ENABLE_DEBUG_INFO = INCLUDE_SOURCE;
				MTL_FAST_MATH = YES;
				ONLY_ACTIVE_ARCH = YES;
				SDKROOT = iphoneos;
				SWIFT_ACTIVE_COMPILATION_CONDITIONS = DEBUG;
				SWIFT_OPTIMIZATION_LEVEL = "-Onone";
			};
			name = Debug;
		};
		B5176D2A243AF391001B47D4 /* Release */ = {
			isa = XCBuildConfiguration;
			buildSettings = {
				ALWAYS_SEARCH_USER_PATHS = NO;
				CLANG_ANALYZER_NONNULL = YES;
				CLANG_ANALYZER_NUMBER_OBJECT_CONVERSION = YES_AGGRESSIVE;
				CLANG_CXX_LANGUAGE_STANDARD = "gnu++14";
				CLANG_CXX_LIBRARY = "libc++";
				CLANG_ENABLE_MODULES = YES;
				CLANG_ENABLE_OBJC_ARC = YES;
				CLANG_ENABLE_OBJC_WEAK = YES;
				CLANG_WARN_BLOCK_CAPTURE_AUTORELEASING = YES;
				CLANG_WARN_BOOL_CONVERSION = YES;
				CLANG_WARN_COMMA = YES;
				CLANG_WARN_CONSTANT_CONVERSION = YES;
				CLANG_WARN_DEPRECATED_OBJC_IMPLEMENTATIONS = YES;
				CLANG_WARN_DIRECT_OBJC_ISA_USAGE = YES_ERROR;
				CLANG_WARN_DOCUMENTATION_COMMENTS = YES;
				CLANG_WARN_EMPTY_BODY = YES;
				CLANG_WARN_ENUM_CONVERSION = YES;
				CLANG_WARN_INFINITE_RECURSION = YES;
				CLANG_WARN_INT_CONVERSION = YES;
				CLANG_WARN_NON_LITERAL_NULL_CONVERSION = YES;
				CLANG_WARN_OBJC_IMPLICIT_RETAIN_SELF = YES;
				CLANG_WARN_OBJC_LITERAL_CONVERSION = YES;
				CLANG_WARN_OBJC_ROOT_CLASS = YES_ERROR;
				CLANG_WARN_RANGE_LOOP_ANALYSIS = YES;
				CLANG_WARN_STRICT_PROTOTYPES = YES;
				CLANG_WARN_SUSPICIOUS_MOVE = YES;
				CLANG_WARN_UNGUARDED_AVAILABILITY = YES_AGGRESSIVE;
				CLANG_WARN_UNREACHABLE_CODE = YES;
				CLANG_WARN__DUPLICATE_METHOD_MATCH = YES;
				COPY_PHASE_STRIP = NO;
				DEBUG_INFORMATION_FORMAT = "dwarf-with-dsym";
				ENABLE_NS_ASSERTIONS = NO;
				ENABLE_STRICT_OBJC_MSGSEND = YES;
				GCC_C_LANGUAGE_STANDARD = gnu11;
				GCC_NO_COMMON_BLOCKS = YES;
				GCC_WARN_64_TO_32_BIT_CONVERSION = YES;
				GCC_WARN_ABOUT_RETURN_TYPE = YES_ERROR;
				GCC_WARN_UNDECLARED_SELECTOR = YES;
				GCC_WARN_UNINITIALIZED_AUTOS = YES_AGGRESSIVE;
				GCC_WARN_UNUSED_FUNCTION = YES;
				GCC_WARN_UNUSED_VARIABLE = YES;
				IPHONEOS_DEPLOYMENT_TARGET = 13.4;
				MTL_ENABLE_DEBUG_INFO = NO;
				MTL_FAST_MATH = YES;
				SDKROOT = iphoneos;
				SWIFT_COMPILATION_MODE = wholemodule;
				SWIFT_OPTIMIZATION_LEVEL = "-O";
				VALIDATE_PRODUCT = YES;
			};
			name = Release;
		};
		B5176D2C243AF391001B47D4 /* Debug */ = {
			isa = XCBuildConfiguration;
			buildSettings = {
				ASSETCATALOG_COMPILER_APPICON_NAME = AppIcon;
				CODE_SIGN_ENTITLEMENTS = LoginTest/LoginTest.entitlements;
				CODE_SIGN_IDENTITY = "iPhone Developer";
				CODE_SIGN_STYLE = Manual;
				DEVELOPMENT_TEAM = WLDXZV795D;
				INFOPLIST_FILE = LoginTest/Info.plist;
				IPHONEOS_DEPLOYMENT_TARGET = 11.0;
				LD_RUNPATH_SEARCH_PATHS = (
					"$(inherited)",
					"@executable_path/Frameworks",
				);
				PRODUCT_BUNDLE_IDENTIFIER = com.ben.LoginTest;
				PRODUCT_NAME = "$(TARGET_NAME)";
				PROVISIONING_PROFILE_SPECIFIER = LoginTest;
				SWIFT_VERSION = 5.0;
				TARGETED_DEVICE_FAMILY = "1,2";
				VALID_ARCHS = "arm64 arm64e armv7 armv7s x86_64";
			};
			name = Debug;
		};
		B5176D2D243AF391001B47D4 /* Release */ = {
			isa = XCBuildConfiguration;
			buildSettings = {
				ASSETCATALOG_COMPILER_APPICON_NAME = AppIcon;
				CODE_SIGN_ENTITLEMENTS = LoginTest/LoginTest.entitlements;
				CODE_SIGN_IDENTITY = "iPhone Developer";
				CODE_SIGN_STYLE = Manual;
				DEVELOPMENT_TEAM = WLDXZV795D;
				INFOPLIST_FILE = LoginTest/Info.plist;
				IPHONEOS_DEPLOYMENT_TARGET = 11.0;
				LD_RUNPATH_SEARCH_PATHS = (
					"$(inherited)",
					"@executable_path/Frameworks",
				);
				PRODUCT_BUNDLE_IDENTIFIER = com.ben.LoginTest;
				PRODUCT_NAME = "$(TARGET_NAME)";
				PROVISIONING_PROFILE_SPECIFIER = LoginTest;
				SWIFT_VERSION = 5.0;
				TARGETED_DEVICE_FAMILY = "1,2";
				VALID_ARCHS = "arm64 arm64e armv7 armv7s x86_64";
			};
			name = Release;
		};
/* End XCBuildConfiguration section */

/* Begin XCConfigurationList section */
		B5176D12243AF38F001B47D4 /* Build configuration list for PBXProject "LoginTest" */ = {
			isa = XCConfigurationList;
			buildConfigurations = (
				B5176D29243AF391001B47D4 /* Debug */,
				B5176D2A243AF391001B47D4 /* Release */,
			);
			defaultConfigurationIsVisible = 0;
			defaultConfigurationName = Release;
		};
		B5176D2B243AF391001B47D4 /* Build configuration list for PBXNativeTarget "LoginTest" */ = {
			isa = XCConfigurationList;
			buildConfigurations = (
				B5176D2C243AF391001B47D4 /* Debug */,
				B5176D2D243AF391001B47D4 /* Release */,
			);
			defaultConfigurationIsVisible = 0;
			defaultConfigurationName = Release;
		};
/* End XCConfigurationList section */
	};
	rootObject = B5176D0F243AF38F001B47D4 /* Project object */;
}
