// !$*UTF8*$!
{
	archiveVersion = 1;
	classes = {
	};
	objectVersion = 56;
	objects = {

/* Begin PBXBuildFile section */
		0B926A772A93346800A333CD /* Theme.xcassets in Resources */ = {isa = PBXBuildFile; fileRef = 0B926A762A93346800A333CD /* Theme.xcassets */; };
		0B926A7B2A93483F00A333CD /* ColorEx.swift in Sources */ = {isa = PBXBuildFile; fileRef = 0B926A7A2A93483F00A333CD /* ColorEx.swift */; };
		0B926A7D2A934BD700A333CD /* FontEx.swift in Sources */ = {isa = PBXBuildFile; fileRef = 0B926A7C2A934BD700A333CD /* FontEx.swift */; };
		0BC13C802A8DDCB300F7F7CD /* SwiftUISampleApp.swift in Sources */ = {isa = PBXBuildFile; fileRef = 0BC13C7F2A8DDCB300F7F7CD /* SwiftUISampleApp.swift */; };
		0BC13C822A8DDCB300F7F7CD /* MainView.swift in Sources */ = {isa = PBXBuildFile; fileRef = 0BC13C812A8DDCB300F7F7CD /* MainView.swift */; };
		0BC13C842A8DDCB500F7F7CD /* Assets.xcassets in Resources */ = {isa = PBXBuildFile; fileRef = 0BC13C832A8DDCB500F7F7CD /* Assets.xcassets */; };
		0BC13C882A8DDCB500F7F7CD /* Preview Assets.xcassets in Resources */ = {isa = PBXBuildFile; fileRef = 0BC13C872A8DDCB500F7F7CD /* Preview Assets.xcassets */; };
		0BC13C922A8DDCB500F7F7CD /* SwiftUISampleTests.swift in Sources */ = {isa = PBXBuildFile; fileRef = 0BC13C912A8DDCB500F7F7CD /* SwiftUISampleTests.swift */; };
		0BC13C9C2A8DDCB500F7F7CD /* SwiftUISampleUITests.swift in Sources */ = {isa = PBXBuildFile; fileRef = 0BC13C9B2A8DDCB500F7F7CD /* SwiftUISampleUITests.swift */; };
		0BC13C9E2A8DDCB500F7F7CD /* SwiftUISampleUITestsLaunchTests.swift in Sources */ = {isa = PBXBuildFile; fileRef = 0BC13C9D2A8DDCB500F7F7CD /* SwiftUISampleUITestsLaunchTests.swift */; };
/* End PBXBuildFile section */

/* Begin PBXContainerItemProxy section */
		0BC13C8E2A8DDCB500F7F7CD /* PBXContainerItemProxy */ = {
			isa = PBXContainerItemProxy;
			containerPortal = 0BC13C742A8DDCB300F7F7CD /* Project object */;
			proxyType = 1;
			remoteGlobalIDString = 0BC13C7B2A8DDCB300F7F7CD;
			remoteInfo = SwiftUISample;
		};
		0BC13C982A8DDCB500F7F7CD /* PBXContainerItemProxy */ = {
			isa = PBXContainerItemProxy;
			containerPortal = 0BC13C742A8DDCB300F7F7CD /* Project object */;
			proxyType = 1;
			remoteGlobalIDString = 0BC13C7B2A8DDCB300F7F7CD;
			remoteInfo = SwiftUISample;
		};
/* End PBXContainerItemProxy section */

/* Begin PBXFileReference section */
		0B926A762A93346800A333CD /* Theme.xcassets */ = {isa = PBXFileReference; lastKnownFileType = folder.assetcatalog; path = Theme.xcassets; sourceTree = "<group>"; };
		0B926A7A2A93483F00A333CD /* ColorEx.swift */ = {isa = PBXFileReference; lastKnownFileType = sourcecode.swift; path = ColorEx.swift; sourceTree = "<group>"; };
		0B926A7C2A934BD700A333CD /* FontEx.swift */ = {isa = PBXFileReference; lastKnownFileType = sourcecode.swift; path = FontEx.swift; sourceTree = "<group>"; };
		0BC13C7C2A8DDCB300F7F7CD /* SwiftUISample.app */ = {isa = PBXFileReference; explicitFileType = wrapper.application; includeInIndex = 0; path = SwiftUISample.app; sourceTree = BUILT_PRODUCTS_DIR; };
		0BC13C7F2A8DDCB300F7F7CD /* SwiftUISampleApp.swift */ = {isa = PBXFileReference; lastKnownFileType = sourcecode.swift; path = SwiftUISampleApp.swift; sourceTree = "<group>"; };
		0BC13C812A8DDCB300F7F7CD /* MainView.swift */ = {isa = PBXFileReference; lastKnownFileType = sourcecode.swift; path = MainView.swift; sourceTree = "<group>"; };
		0BC13C832A8DDCB500F7F7CD /* Assets.xcassets */ = {isa = PBXFileReference; lastKnownFileType = folder.assetcatalog; path = Assets.xcassets; sourceTree = "<group>"; };
		0BC13C852A8DDCB500F7F7CD /* SwiftUISample.entitlements */ = {isa = PBXFileReference; lastKnownFileType = text.plist.entitlements; path = SwiftUISample.entitlements; sourceTree = "<group>"; };
		0BC13C872A8DDCB500F7F7CD /* Preview Assets.xcassets */ = {isa = PBXFileReference; lastKnownFileType = folder.assetcatalog; path = "Preview Assets.xcassets"; sourceTree = "<group>"; };
		0BC13C8D2A8DDCB500F7F7CD /* SwiftUISampleTests.xctest */ = {isa = PBXFileReference; explicitFileType = wrapper.cfbundle; includeInIndex = 0; path = SwiftUISampleTests.xctest; sourceTree = BUILT_PRODUCTS_DIR; };
		0BC13C912A8DDCB500F7F7CD /* SwiftUISampleTests.swift */ = {isa = PBXFileReference; lastKnownFileType = sourcecode.swift; path = SwiftUISampleTests.swift; sourceTree = "<group>"; };
		0BC13C972A8DDCB500F7F7CD /* SwiftUISampleUITests.xctest */ = {isa = PBXFileReference; explicitFileType = wrapper.cfbundle; includeInIndex = 0; path = SwiftUISampleUITests.xctest; sourceTree = BUILT_PRODUCTS_DIR; };
		0BC13C9B2A8DDCB500F7F7CD /* SwiftUISampleUITests.swift */ = {isa = PBXFileReference; lastKnownFileType = sourcecode.swift; path = SwiftUISampleUITests.swift; sourceTree = "<group>"; };
		0BC13C9D2A8DDCB500F7F7CD /* SwiftUISampleUITestsLaunchTests.swift */ = {isa = PBXFileReference; lastKnownFileType = sourcecode.swift; path = SwiftUISampleUITestsLaunchTests.swift; sourceTree = "<group>"; };
/* End PBXFileReference section */

/* Begin PBXFrameworksBuildPhase section */
		0BC13C792A8DDCB300F7F7CD /* Frameworks */ = {
			isa = PBXFrameworksBuildPhase;
			buildActionMask = 2147483647;
			files = (
			);
			runOnlyForDeploymentPostprocessing = 0;
		};
		0BC13C8A2A8DDCB500F7F7CD /* Frameworks */ = {
			isa = PBXFrameworksBuildPhase;
			buildActionMask = 2147483647;
			files = (
			);
			runOnlyForDeploymentPostprocessing = 0;
		};
		0BC13C942A8DDCB500F7F7CD /* Frameworks */ = {
			isa = PBXFrameworksBuildPhase;
			buildActionMask = 2147483647;
			files = (
			);
			runOnlyForDeploymentPostprocessing = 0;
		};
/* End PBXFrameworksBuildPhase section */

/* Begin PBXGroup section */
		0B926A782A9339DE00A333CD /* View */ = {
			isa = PBXGroup;
			children = (
				0BC13C812A8DDCB300F7F7CD /* MainView.swift */,
			);
			path = View;
			sourceTree = "<group>";
		};
		0B926A792A93482F00A333CD /* Extension */ = {
			isa = PBXGroup;
			children = (
				0B926A7A2A93483F00A333CD /* ColorEx.swift */,
				0B926A7C2A934BD700A333CD /* FontEx.swift */,
			);
			path = Extension;
			sourceTree = "<group>";
		};
		0BC13C732A8DDCB300F7F7CD = {
			isa = PBXGroup;
			children = (
				0BC13C7E2A8DDCB300F7F7CD /* SwiftUISample */,
				0BC13C902A8DDCB500F7F7CD /* SwiftUISampleTests */,
				0BC13C9A2A8DDCB500F7F7CD /* SwiftUISampleUITests */,
				0BC13C7D2A8DDCB300F7F7CD /* Products */,
			);
			sourceTree = "<group>";
		};
		0BC13C7D2A8DDCB300F7F7CD /* Products */ = {
			isa = PBXGroup;
			children = (
				0BC13C7C2A8DDCB300F7F7CD /* SwiftUISample.app */,
				0BC13C8D2A8DDCB500F7F7CD /* SwiftUISampleTests.xctest */,
				0BC13C972A8DDCB500F7F7CD /* SwiftUISampleUITests.xctest */,
			);
			name = Products;
			sourceTree = "<group>";
		};
		0BC13C7E2A8DDCB300F7F7CD /* SwiftUISample */ = {
			isa = PBXGroup;
			children = (
				0B926A792A93482F00A333CD /* Extension */,
				0B926A782A9339DE00A333CD /* View */,
				0BC13C7F2A8DDCB300F7F7CD /* SwiftUISampleApp.swift */,
				0BC13C832A8DDCB500F7F7CD /* Assets.xcassets */,
				0BC13C852A8DDCB500F7F7CD /* SwiftUISample.entitlements */,
				0BC13C862A8DDCB500F7F7CD /* Preview Content */,
				0B926A762A93346800A333CD /* Theme.xcassets */,
			);
			path = SwiftUISample;
			sourceTree = "<group>";
		};
		0BC13C862A8DDCB500F7F7CD /* Preview Content */ = {
			isa = PBXGroup;
			children = (
				0BC13C872A8DDCB500F7F7CD /* Preview Assets.xcassets */,
			);
			path = "Preview Content";
			sourceTree = "<group>";
		};
		0BC13C902A8DDCB500F7F7CD /* SwiftUISampleTests */ = {
			isa = PBXGroup;
			children = (
				0BC13C912A8DDCB500F7F7CD /* SwiftUISampleTests.swift */,
			);
			path = SwiftUISampleTests;
			sourceTree = "<group>";
		};
		0BC13C9A2A8DDCB500F7F7CD /* SwiftUISampleUITests */ = {
			isa = PBXGroup;
			children = (
				0BC13C9B2A8DDCB500F7F7CD /* SwiftUISampleUITests.swift */,
				0BC13C9D2A8DDCB500F7F7CD /* SwiftUISampleUITestsLaunchTests.swift */,
			);
			path = SwiftUISampleUITests;
			sourceTree = "<group>";
		};
/* End PBXGroup section */

/* Begin PBXNativeTarget section */
		0BC13C7B2A8DDCB300F7F7CD /* SwiftUISample */ = {
			isa = PBXNativeTarget;
			buildConfigurationList = 0BC13CA12A8DDCB500F7F7CD /* Build configuration list for PBXNativeTarget "SwiftUISample" */;
			buildPhases = (
				0BC13C782A8DDCB300F7F7CD /* Sources */,
				0BC13C792A8DDCB300F7F7CD /* Frameworks */,
				0BC13C7A2A8DDCB300F7F7CD /* Resources */,
			);
			buildRules = (
			);
			dependencies = (
			);
			name = SwiftUISample;
			productName = SwiftUISample;
			productReference = 0BC13C7C2A8DDCB300F7F7CD /* SwiftUISample.app */;
			productType = "com.apple.product-type.application";
		};
		0BC13C8C2A8DDCB500F7F7CD /* SwiftUISampleTests */ = {
			isa = PBXNativeTarget;
			buildConfigurationList = 0BC13CA42A8DDCB500F7F7CD /* Build configuration list for PBXNativeTarget "SwiftUISampleTests" */;
			buildPhases = (
				0BC13C892A8DDCB500F7F7CD /* Sources */,
				0BC13C8A2A8DDCB500F7F7CD /* Frameworks */,
				0BC13C8B2A8DDCB500F7F7CD /* Resources */,
			);
			buildRules = (
			);
			dependencies = (
				0BC13C8F2A8DDCB500F7F7CD /* PBXTargetDependency */,
			);
			name = SwiftUISampleTests;
			productName = SwiftUISampleTests;
			productReference = 0BC13C8D2A8DDCB500F7F7CD /* SwiftUISampleTests.xctest */;
			productType = "com.apple.product-type.bundle.unit-test";
		};
		0BC13C962A8DDCB500F7F7CD /* SwiftUISampleUITests */ = {
			isa = PBXNativeTarget;
			buildConfigurationList = 0BC13CA72A8DDCB500F7F7CD /* Build configuration list for PBXNativeTarget "SwiftUISampleUITests" */;
			buildPhases = (
				0BC13C932A8DDCB500F7F7CD /* Sources */,
				0BC13C942A8DDCB500F7F7CD /* Frameworks */,
				0BC13C952A8DDCB500F7F7CD /* Resources */,
			);
			buildRules = (
			);
			dependencies = (
				0BC13C992A8DDCB500F7F7CD /* PBXTargetDependency */,
			);
			name = SwiftUISampleUITests;
			productName = SwiftUISampleUITests;
			productReference = 0BC13C972A8DDCB500F7F7CD /* SwiftUISampleUITests.xctest */;
			productType = "com.apple.product-type.bundle.ui-testing";
		};
/* End PBXNativeTarget section */

/* Begin PBXProject section */
		0BC13C742A8DDCB300F7F7CD /* Project object */ = {
			isa = PBXProject;
			attributes = {
				BuildIndependentTargetsInParallel = 1;
				LastSwiftUpdateCheck = 1500;
				LastUpgradeCheck = 1500;
				TargetAttributes = {
					0BC13C7B2A8DDCB300F7F7CD = {
						CreatedOnToolsVersion = 15.0;
					};
					0BC13C8C2A8DDCB500F7F7CD = {
						CreatedOnToolsVersion = 15.0;
						TestTargetID = 0BC13C7B2A8DDCB300F7F7CD;
					};
					0BC13C962A8DDCB500F7F7CD = {
						CreatedOnToolsVersion = 15.0;
						TestTargetID = 0BC13C7B2A8DDCB300F7F7CD;
					};
				};
			};
			buildConfigurationList = 0BC13C772A8DDCB300F7F7CD /* Build configuration list for PBXProject "SwiftUISample" */;
			compatibilityVersion = "Xcode 14.0";
			developmentRegion = en;
			hasScannedForEncodings = 0;
			knownRegions = (
				en,
				Base,
			);
			mainGroup = 0BC13C732A8DDCB300F7F7CD;
			productRefGroup = 0BC13C7D2A8DDCB300F7F7CD /* Products */;
			projectDirPath = "";
			projectRoot = "";
			targets = (
				0BC13C7B2A8DDCB300F7F7CD /* SwiftUISample */,
				0BC13C8C2A8DDCB500F7F7CD /* SwiftUISampleTests */,
				0BC13C962A8DDCB500F7F7CD /* SwiftUISampleUITests */,
			);
		};
/* End PBXProject section */

/* Begin PBXResourcesBuildPhase section */
		0BC13C7A2A8DDCB300F7F7CD /* Resources */ = {
			isa = PBXResourcesBuildPhase;
			buildActionMask = 2147483647;
			files = (
				0B926A772A93346800A333CD /* Theme.xcassets in Resources */,
				0BC13C882A8DDCB500F7F7CD /* Preview Assets.xcassets in Resources */,
				0BC13C842A8DDCB500F7F7CD /* Assets.xcassets in Resources */,
			);
			runOnlyForDeploymentPostprocessing = 0;
		};
		0BC13C8B2A8DDCB500F7F7CD /* Resources */ = {
			isa = PBXResourcesBuildPhase;
			buildActionMask = 2147483647;
			files = (
			);
			runOnlyForDeploymentPostprocessing = 0;
		};
		0BC13C952A8DDCB500F7F7CD /* Resources */ = {
			isa = PBXResourcesBuildPhase;
			buildActionMask = 2147483647;
			files = (
			);
			runOnlyForDeploymentPostprocessing = 0;
		};
/* End PBXResourcesBuildPhase section */

/* Begin PBXSourcesBuildPhase section */
		0BC13C782A8DDCB300F7F7CD /* Sources */ = {
			isa = PBXSourcesBuildPhase;
			buildActionMask = 2147483647;
			files = (
				0BC13C822A8DDCB300F7F7CD /* MainView.swift in Sources */,
				0BC13C802A8DDCB300F7F7CD /* SwiftUISampleApp.swift in Sources */,
				0B926A7B2A93483F00A333CD /* ColorEx.swift in Sources */,
				0B926A7D2A934BD700A333CD /* FontEx.swift in Sources */,
			);
			runOnlyForDeploymentPostprocessing = 0;
		};
		0BC13C892A8DDCB500F7F7CD /* Sources */ = {
			isa = PBXSourcesBuildPhase;
			buildActionMask = 2147483647;
			files = (
				0BC13C922A8DDCB500F7F7CD /* SwiftUISampleTests.swift in Sources */,
			);
			runOnlyForDeploymentPostprocessing = 0;
		};
		0BC13C932A8DDCB500F7F7CD /* Sources */ = {
			isa = PBXSourcesBuildPhase;
			buildActionMask = 2147483647;
			files = (
				0BC13C9E2A8DDCB500F7F7CD /* SwiftUISampleUITestsLaunchTests.swift in Sources */,
				0BC13C9C2A8DDCB500F7F7CD /* SwiftUISampleUITests.swift in Sources */,
			);
			runOnlyForDeploymentPostprocessing = 0;
		};
/* End PBXSourcesBuildPhase section */

/* Begin PBXTargetDependency section */
		0BC13C8F2A8DDCB500F7F7CD /* PBXTargetDependency */ = {
			isa = PBXTargetDependency;
			target = 0BC13C7B2A8DDCB300F7F7CD /* SwiftUISample */;
			targetProxy = 0BC13C8E2A8DDCB500F7F7CD /* PBXContainerItemProxy */;
		};
		0BC13C992A8DDCB500F7F7CD /* PBXTargetDependency */ = {
			isa = PBXTargetDependency;
			target = 0BC13C7B2A8DDCB300F7F7CD /* SwiftUISample */;
			targetProxy = 0BC13C982A8DDCB500F7F7CD /* PBXContainerItemProxy */;
		};
/* End PBXTargetDependency section */

/* Begin XCBuildConfiguration section */
		0BC13C9F2A8DDCB500F7F7CD /* Debug */ = {
			isa = XCBuildConfiguration;
			buildSettings = {
				ALWAYS_SEARCH_USER_PATHS = NO;
				ASSETCATALOG_COMPILER_GENERATE_SWIFT_ASSET_SYMBOL_EXTENSIONS = YES;
				CLANG_ANALYZER_NONNULL = YES;
				CLANG_ANALYZER_NUMBER_OBJECT_CONVERSION = YES_AGGRESSIVE;
				CLANG_CXX_LANGUAGE_STANDARD = "gnu++20";
				CLANG_ENABLE_MODULES = YES;
				CLANG_ENABLE_OBJC_ARC = YES;
				CLANG_ENABLE_OBJC_WEAK = YES;
				CLANG_WARN_BLOCK_CAPTURE_AUTORELEASING = YES;
				CLANG_WARN_BOOL_CONVERSION = YES;
				CLANG_WARN_COMMA = YES;
				CLANG_WARN_CONSTANT_CONVERSION = YES;
				CLANG_WARN_DEPRECATED_OBJC_IMPLEMENTATIONS = YES;
				CLANG_WARN_DIRECT_OBJC_ISA_USAGE = YES_ERROR;
				CLANG_WARN_DOCUMENTATION_COMMENTS = YES;
				CLANG_WARN_EMPTY_BODY = YES;
				CLANG_WARN_ENUM_CONVERSION = YES;
				CLANG_WARN_INFINITE_RECURSION = YES;
				CLANG_WARN_INT_CONVERSION = YES;
				CLANG_WARN_NON_LITERAL_NULL_CONVERSION = YES;
				CLANG_WARN_OBJC_IMPLICIT_RETAIN_SELF = YES;
				CLANG_WARN_OBJC_LITERAL_CONVERSION = YES;
				CLANG_WARN_OBJC_ROOT_CLASS = YES_ERROR;
				CLANG_WARN_QUOTED_INCLUDE_IN_FRAMEWORK_HEADER = YES;
				CLANG_WARN_RANGE_LOOP_ANALYSIS = YES;
				CLANG_WARN_STRICT_PROTOTYPES = YES;
				CLANG_WARN_SUSPICIOUS_MOVE = YES;
				CLANG_WARN_UNGUARDED_AVAILABILITY = YES_AGGRESSIVE;
				CLANG_WARN_UNREACHABLE_CODE = YES;
				CLANG_WARN__DUPLICATE_METHOD_MATCH = YES;
				COPY_PHASE_STRIP = NO;
				DEBUG_INFORMATION_FORMAT = dwarf;
				ENABLE_STRICT_OBJC_MSGSEND = YES;
				ENABLE_TESTABILITY = YES;
				ENABLE_USER_SCRIPT_SANDBOXING = YES;
				GCC_C_LANGUAGE_STANDARD = gnu17;
				GCC_DYNAMIC_NO_PIC = NO;
				GCC_NO_COMMON_BLOCKS = YES;
				GCC_OPTIMIZATION_LEVEL = 0;
				GCC_PREPROCESSOR_DEFINITIONS = (
					"DEBUG=1",
					"$(inherited)",
				);
				GCC_WARN_64_TO_32_BIT_CONVERSION = YES;
				GCC_WARN_ABOUT_RETURN_TYPE = YES_ERROR;
				GCC_WARN_UNDECLARED_SELECTOR = YES;
				GCC_WARN_UNINITIALIZED_AUTOS = YES_AGGRESSIVE;
				GCC_WARN_UNUSED_FUNCTION = YES;
				GCC_WARN_UNUSED_VARIABLE = YES;
				LOCALIZATION_PREFERS_STRING_CATALOGS = YES;
				MTL_ENABLE_DEBUG_INFO = INCLUDE_SOURCE;
				MTL_FAST_MATH = YES;
				ONLY_ACTIVE_ARCH = YES;
				SWIFT_ACTIVE_COMPILATION_CONDITIONS = "DEBUG $(inherited)";
				SWIFT_OPTIMIZATION_LEVEL = "-Onone";
			};
			name = Debug;
		};
		0BC13CA02A8DDCB500F7F7CD /* Release */ = {
			isa = XCBuildConfiguration;
			buildSettings = {
				ALWAYS_SEARCH_USER_PATHS = NO;
				ASSETCATALOG_COMPILER_GENERATE_SWIFT_ASSET_SYMBOL_EXTENSIONS = YES;
				CLANG_ANALYZER_NONNULL = YES;
				CLANG_ANALYZER_NUMBER_OBJECT_CONVERSION = YES_AGGRESSIVE;
				CLANG_CXX_LANGUAGE_STANDARD = "gnu++20";
				CLANG_ENABLE_MODULES = YES;
				CLANG_ENABLE_OBJC_ARC = YES;
				CLANG_ENABLE_OBJC_WEAK = YES;
				CLANG_WARN_BLOCK_CAPTURE_AUTORELEASING = YES;
				CLANG_WARN_BOOL_CONVERSION = YES;
				CLANG_WARN_COMMA = YES;
				CLANG_WARN_CONSTANT_CONVERSION = YES;
				CLANG_WARN_DEPRECATED_OBJC_IMPLEMENTATIONS = YES;
				CLANG_WARN_DIRECT_OBJC_ISA_USAGE = YES_ERROR;
				CLANG_WARN_DOCUMENTATION_COMMENTS = YES;
				CLANG_WARN_EMPTY_BODY = YES;
				CLANG_WARN_ENUM_CONVERSION = YES;
				CLANG_WARN_INFINITE_RECURSION = YES;
				CLANG_WARN_INT_CONVERSION = YES;
				CLANG_WARN_NON_LITERAL_NULL_CONVERSION = YES;
				CLANG_WARN_OBJC_IMPLICIT_RETAIN_SELF = YES;
				CLANG_WARN_OBJC_LITERAL_CONVERSION = YES;
				CLANG_WARN_OBJC_ROOT_CLASS = YES_ERROR;
				CLANG_WARN_QUOTED_INCLUDE_IN_FRAMEWORK_HEADER = YES;
				CLANG_WARN_RANGE_LOOP_ANALYSIS = YES;
				CLANG_WARN_STRICT_PROTOTYPES = YES;
				CLANG_WARN_SUSPICIOUS_MOVE = YES;
				CLANG_WARN_UNGUARDED_AVAILABILITY = YES_AGGRESSIVE;
				CLANG_WARN_UNREACHABLE_CODE = YES;
				CLANG_WARN__DUPLICATE_METHOD_MATCH = YES;
				COPY_PHASE_STRIP = NO;
				DEBUG_INFORMATION_FORMAT = "dwarf-with-dsym";
				ENABLE_NS_ASSERTIONS = NO;
				ENABLE_STRICT_OBJC_MSGSEND = YES;
				ENABLE_USER_SCRIPT_SANDBOXING = YES;
				GCC_C_LANGUAGE_STANDARD = gnu17;
				GCC_NO_COMMON_BLOCKS = YES;
				GCC_WARN_64_TO_32_BIT_CONVERSION = YES;
				GCC_WARN_ABOUT_RETURN_TYPE = YES_ERROR;
				GCC_WARN_UNDECLARED_SELECTOR = YES;
				GCC_WARN_UNINITIALIZED_AUTOS = YES_AGGRESSIVE;
				GCC_WARN_UNUSED_FUNCTION = YES;
				GCC_WARN_UNUSED_VARIABLE = YES;
				LOCALIZATION_PREFERS_STRING_CATALOGS = YES;
				MTL_ENABLE_DEBUG_INFO = NO;
				MTL_FAST_MATH = YES;
				SWIFT_COMPILATION_MODE = wholemodule;
			};
			name = Release;
		};
		0BC13CA22A8DDCB500F7F7CD /* Debug */ = {
			isa = XCBuildConfiguration;
			buildSettings = {
				ASSETCATALOG_COMPILER_APPICON_NAME = AppIcon;
				ASSETCATALOG_COMPILER_GLOBAL_ACCENT_COLOR_NAME = AccentColor;
				CODE_SIGN_ENTITLEMENTS = SwiftUISample/SwiftUISample.entitlements;
				CODE_SIGN_STYLE = Automatic;
				CURRENT_PROJECT_VERSION = 1;
				DEVELOPMENT_ASSET_PATHS = "\"SwiftUISample/Preview Content\"";
				DEVELOPMENT_TEAM = TD6P8S3N25;
				ENABLE_HARDENED_RUNTIME = YES;
				ENABLE_PREVIEWS = YES;
				GENERATE_INFOPLIST_FILE = YES;
				"INFOPLIST_KEY_UIApplicationSceneManifest_Generation[sdk=iphoneos*]" = YES;
				"INFOPLIST_KEY_UIApplicationSceneManifest_Generation[sdk=iphonesimulator*]" = YES;
				"INFOPLIST_KEY_UIApplicationSupportsIndirectInputEvents[sdk=iphoneos*]" = YES;
				"INFOPLIST_KEY_UIApplicationSupportsIndirectInputEvents[sdk=iphonesimulator*]" = YES;
				"INFOPLIST_KEY_UILaunchScreen_Generation[sdk=iphoneos*]" = YES;
				"INFOPLIST_KEY_UILaunchScreen_Generation[sdk=iphonesimulator*]" = YES;
				"INFOPLIST_KEY_UIStatusBarStyle[sdk=iphoneos*]" = UIStatusBarStyleDefault;
				"INFOPLIST_KEY_UIStatusBarStyle[sdk=iphonesimulator*]" = UIStatusBarStyleDefault;
				INFOPLIST_KEY_UISupportedInterfaceOrientations = UIInterfaceOrientationPortrait;
				IPHONEOS_DEPLOYMENT_TARGET = 15.0;
				LD_RUNPATH_SEARCH_PATHS = "@executable_path/Frameworks";
				"LD_RUNPATH_SEARCH_PATHS[sdk=macosx*]" = "@executable_path/../Frameworks";
				MACOSX_DEPLOYMENT_TARGET = 14.0;
				MARKETING_VERSION = 1.0;
				PRODUCT_BUNDLE_IDENTIFIER = com.skw.SwiftUISample;
				PRODUCT_NAME = "$(TARGET_NAME)";
				SDKROOT = auto;
				SUPPORTED_PLATFORMS = "iphoneos iphonesimulator";
				SUPPORTS_MACCATALYST = NO;
				SWIFT_EMIT_LOC_STRINGS = YES;
				SWIFT_VERSION = 5.0;
				TARGETED_DEVICE_FAMILY = "1,2";
			};
			name = Debug;
		};
		0BC13CA32A8DDCB500F7F7CD /* Release */ = {
			isa = XCBuildConfiguration;
			buildSettings = {
				ASSETCATALOG_COMPILER_APPICON_NAME = AppIcon;
				ASSETCATALOG_COMPILER_GLOBAL_ACCENT_COLOR_NAME = AccentColor;
				CODE_SIGN_ENTITLEMENTS = SwiftUISample/SwiftUISample.entitlements;
				CODE_SIGN_STYLE = Automatic;
				CURRENT_PROJECT_VERSION = 1;
				DEVELOPMENT_ASSET_PATHS = "\"SwiftUISample/Preview Content\"";
				DEVELOPMENT_TEAM = TD6P8S3N25;
				ENABLE_HARDENED_RUNTIME = YES;
				ENABLE_PREVIEWS = YES;
				GENERATE_INFOPLIST_FILE = YES;
				"INFOPLIST_KEY_UIApplicationSceneManifest_Generation[sdk=iphoneos*]" = YES;
				"INFOPLIST_KEY_UIApplicationSceneManifest_Generation[sdk=iphonesimulator*]" = YES;
				"INFOPLIST_KEY_UIApplicationSupportsIndirectInputEvents[sdk=iphoneos*]" = YES;
				"INFOPLIST_KEY_UIApplicationSupportsIndirectInputEvents[sdk=iphonesimulator*]" = YES;
				"INFOPLIST_KEY_UILaunchScreen_Generation[sdk=iphoneos*]" = YES;
				"INFOPLIST_KEY_UILaunchScreen_Generation[sdk=iphonesimulator*]" = YES;
				"INFOPLIST_KEY_UIStatusBarStyle[sdk=iphoneos*]" = UIStatusBarStyleDefault;
				"INFOPLIST_KEY_UIStatusBarStyle[sdk=iphonesimulator*]" = UIStatusBarStyleDefault;
				INFOPLIST_KEY_UISupportedInterfaceOrientations = UIInterfaceOrientationPortrait;
				IPHONEOS_DEPLOYMENT_TARGET = 15.0;
				LD_RUNPATH_SEARCH_PATHS = "@executable_path/Frameworks";
				"LD_RUNPATH_SEARCH_PATHS[sdk=macosx*]" = "@executable_path/../Frameworks";
				MACOSX_DEPLOYMENT_TARGET = 14.0;
				MARKETING_VERSION = 1.0;
				PRODUCT_BUNDLE_IDENTIFIER = com.skw.SwiftUISample;
				PRODUCT_NAME = "$(TARGET_NAME)";
				SDKROOT = auto;
				SUPPORTED_PLATFORMS = "iphoneos iphonesimulator";
				SUPPORTS_MACCATALYST = NO;
				SWIFT_EMIT_LOC_STRINGS = YES;
				SWIFT_VERSION = 5.0;
				TARGETED_DEVICE_FAMILY = "1,2";
			};
			name = Release;
		};
		0BC13CA52A8DDCB500F7F7CD /* Debug */ = {
			isa = XCBuildConfiguration;
			buildSettings = {
				ALWAYS_EMBED_SWIFT_STANDARD_LIBRARIES = YES;
				BUNDLE_LOADER = "$(TEST_HOST)";
				CODE_SIGN_STYLE = Automatic;
				CURRENT_PROJECT_VERSION = 1;
				DEVELOPMENT_TEAM = TD6P8S3N25;
				GENERATE_INFOPLIST_FILE = YES;
				IPHONEOS_DEPLOYMENT_TARGET = 17.0;
				MACOSX_DEPLOYMENT_TARGET = 14.0;
				MARKETING_VERSION = 1.0;
				PRODUCT_BUNDLE_IDENTIFIER = com.skw.SwiftUISampleTests;
				PRODUCT_NAME = "$(TARGET_NAME)";
				SDKROOT = auto;
				SUPPORTED_PLATFORMS = "iphoneos iphonesimulator macosx";
				SWIFT_EMIT_LOC_STRINGS = NO;
				SWIFT_VERSION = 5.0;
				TARGETED_DEVICE_FAMILY = "1,2";
				TEST_HOST = "$(BUILT_PRODUCTS_DIR)/SwiftUISample.app/$(BUNDLE_EXECUTABLE_FOLDER_PATH)/SwiftUISample";
			};
			name = Debug;
		};
		0BC13CA62A8DDCB500F7F7CD /* Release */ = {
			isa = XCBuildConfiguration;
			buildSettings = {
				ALWAYS_EMBED_SWIFT_STANDARD_LIBRARIES = YES;
				BUNDLE_LOADER = "$(TEST_HOST)";
				CODE_SIGN_STYLE = Automatic;
				CURRENT_PROJECT_VERSION = 1;
				DEVELOPMENT_TEAM = TD6P8S3N25;
				GENERATE_INFOPLIST_FILE = YES;
				IPHONEOS_DEPLOYMENT_TARGET = 17.0;
				MACOSX_DEPLOYMENT_TARGET = 14.0;
				MARKETING_VERSION = 1.0;
				PRODUCT_BUNDLE_IDENTIFIER = com.skw.SwiftUISampleTests;
				PRODUCT_NAME = "$(TARGET_NAME)";
				SDKROOT = auto;
				SUPPORTED_PLATFORMS = "iphoneos iphonesimulator macosx";
				SWIFT_EMIT_LOC_STRINGS = NO;
				SWIFT_VERSION = 5.0;
				TARGETED_DEVICE_FAMILY = "1,2";
				TEST_HOST = "$(BUILT_PRODUCTS_DIR)/SwiftUISample.app/$(BUNDLE_EXECUTABLE_FOLDER_PATH)/SwiftUISample";
			};
			name = Release;
		};
		0BC13CA82A8DDCB500F7F7CD /* Debug */ = {
			isa = XCBuildConfiguration;
			buildSettings = {
				ALWAYS_EMBED_SWIFT_STANDARD_LIBRARIES = YES;
				CODE_SIGN_STYLE = Automatic;
				CURRENT_PROJECT_VERSION = 1;
				DEVELOPMENT_TEAM = TD6P8S3N25;
				GENERATE_INFOPLIST_FILE = YES;
				IPHONEOS_DEPLOYMENT_TARGET = 17.0;
				MACOSX_DEPLOYMENT_TARGET = 14.0;
				MARKETING_VERSION = 1.0;
				PRODUCT_BUNDLE_IDENTIFIER = com.skw.SwiftUISampleUITests;
				PRODUCT_NAME = "$(TARGET_NAME)";
				SDKROOT = auto;
				SUPPORTED_PLATFORMS = "iphoneos iphonesimulator macosx";
				SWIFT_EMIT_LOC_STRINGS = NO;
				SWIFT_VERSION = 5.0;
				TARGETED_DEVICE_FAMILY = "1,2";
				TEST_TARGET_NAME = SwiftUISample;
			};
			name = Debug;
		};
		0BC13CA92A8DDCB500F7F7CD /* Release */ = {
			isa = XCBuildConfiguration;
			buildSettings = {
				ALWAYS_EMBED_SWIFT_STANDARD_LIBRARIES = YES;
				CODE_SIGN_STYLE = Automatic;
				CURRENT_PROJECT_VERSION = 1;
				DEVELOPMENT_TEAM = TD6P8S3N25;
				GENERATE_INFOPLIST_FILE = YES;
				IPHONEOS_DEPLOYMENT_TARGET = 17.0;
				MACOSX_DEPLOYMENT_TARGET = 14.0;
				MARKETING_VERSION = 1.0;
				PRODUCT_BUNDLE_IDENTIFIER = com.skw.SwiftUISampleUITests;
				PRODUCT_NAME = "$(TARGET_NAME)";
				SDKROOT = auto;
				SUPPORTED_PLATFORMS = "iphoneos iphonesimulator macosx";
				SWIFT_EMIT_LOC_STRINGS = NO;
				SWIFT_VERSION = 5.0;
				TARGETED_DEVICE_FAMILY = "1,2";
				TEST_TARGET_NAME = SwiftUISample;
			};
			name = Release;
		};
/* End XCBuildConfiguration section */

/* Begin XCConfigurationList section */
		0BC13C772A8DDCB300F7F7CD /* Build configuration list for PBXProject "SwiftUISample" */ = {
			isa = XCConfigurationList;
			buildConfigurations = (
				0BC13C9F2A8DDCB500F7F7CD /* Debug */,
				0BC13CA02A8DDCB500F7F7CD /* Release */,
			);
			defaultConfigurationIsVisible = 0;
			defaultConfigurationName = Release;
		};
		0BC13CA12A8DDCB500F7F7CD /* Build configuration list for PBXNativeTarget "SwiftUISample" */ = {
			isa = XCConfigurationList;
			buildConfigurations = (
				0BC13CA22A8DDCB500F7F7CD /* Debug */,
				0BC13CA32A8DDCB500F7F7CD /* Release */,
			);
			defaultConfigurationIsVisible = 0;
			defaultConfigurationName = Release;
		};
		0BC13CA42A8DDCB500F7F7CD /* Build configuration list for PBXNativeTarget "SwiftUISampleTests" */ = {
			isa = XCConfigurationList;
			buildConfigurations = (
				0BC13CA52A8DDCB500F7F7CD /* Debug */,
				0BC13CA62A8DDCB500F7F7CD /* Release */,
			);
			defaultConfigurationIsVisible = 0;
			defaultConfigurationName = Release;
		};
		0BC13CA72A8DDCB500F7F7CD /* Build configuration list for PBXNativeTarget "SwiftUISampleUITests" */ = {
			isa = XCConfigurationList;
			buildConfigurations = (
				0BC13CA82A8DDCB500F7F7CD /* Debug */,
				0BC13CA92A8DDCB500F7F7CD /* Release */,
			);
			defaultConfigurationIsVisible = 0;
			defaultConfigurationName = Release;
		};
/* End XCConfigurationList section */
	};
	rootObject = 0BC13C742A8DDCB300F7F7CD /* Project object */;
}
